
Microsoft Visual Studio Solution File, Format Version 12.00
# Visual Studio Version 16
VisualStudioVersion = 16.0.30804.86
MinimumVisualStudioVersion = 10.0.40219.1
Project("{FAE04EC0-301F-11D3-BF4B-00C04F79EFBC}") = "DataAccess", "DataAccess\DataAccess.csproj", "{0A9AB243-2C48-4565-AD2B-0AF3F5E69D07}"
EndProject
Project("{FAE04EC0-301F-11D3-BF4B-00C04F79EFBC}") = "Business", "Business\Business.csproj", "{00C002A4-431D-4490-9B2C-C0B0D1E307D7}"
EndProject
Project("{FAE04EC0-301F-11D3-BF4B-00C04F79EFBC}") = "Entities", "Entities\Entities.csproj", "{6959BF8E-F6B3-48CF-BC84-C371ED09EF4C}"
EndProject
Project("{FAE04EC0-301F-11D3-BF4B-00C04F79EFBC}") = "ConsoleUI", "ConsoleUI\ConsoleUI.csproj", "{E24E051E-8014-49BA-8BA7-406B4C30A6BA}"
EndProject
Global
	GlobalSection(SolutionConfigurationPlatforms) = preSolution
		Debug|Any CPU = Debug|Any CPU
		Release|Any CPU = Release|Any CPU
	EndGlobalSection
	GlobalSection(ProjectConfigurationPlatforms) = postSolution
		{0A9AB243-2C48-4565-AD2B-0AF3F5E69D07}.Debug|Any CPU.ActiveCfg = Debug|Any CPU
		{0A9AB243-2C48-4565-AD2B-0AF3F5E69D07}.Debug|Any CPU.Build.0 = Debug|Any CPU
		{0A9AB243-2C48-4565-AD2B-0AF3F5E69D07}.Release|Any CPU.ActiveCfg = Release|Any CPU
		{0A9AB243-2C48-4565-AD2B-0AF3F5E69D07}.Release|Any CPU.Build.0 = Release|Any CPU
		{00C002A4-431D-4490-9B2C-C0B0D1E307D7}.Debug|Any CPU.ActiveCfg = Debug|Any CPU
		{00C002A4-431D-4490-9B2C-C0B0D1E307D7}.Debug|Any CPU.Build.0 = Debug|Any CPU
		{00C002A4-431D-4490-9B2C-C0B0D1E307D7}.Release|Any CPU.ActiveCfg = Release|Any CPU
		{00C002A4-431D-4490-9B2C-C0B0D1E307D7}.Release|Any CPU.Build.0 = Release|Any CPU
		{6959BF8E-F6B3-48CF-BC84-C371ED09EF4C}.Debug|Any CPU.ActiveCfg = Debug|Any CPU
		{6959BF8E-F6B3-48CF-BC84-C371ED09EF4C}.Debug|Any CPU.Build.0 = Debug|Any CPU
		{6959BF8E-F6B3-48CF-BC84-C371ED09EF4C}.Release|Any CPU.ActiveCfg = Release|Any CPU
		{6959BF8E-F6B3-48CF-BC84-C371ED09EF4C}.Release|Any CPU.Build.0 = Release|Any CPU
		{E24E051E-8014-49BA-8BA7-406B4C30A6BA}.Debug|Any CPU.ActiveCfg = Debug|Any CPU
		{E24E051E-8014-49BA-8BA7-406B4C30A6BA}.Debug|Any CPU.Build.0 = Debug|Any CPU
		{E24E051E-8014-49BA-8BA7-406B4C30A6BA}.Release|Any CPU.ActiveCfg = Release|Any CPU
		{E24E051E-8014-49BA-8BA7-406B4C30A6BA}.Release|Any CPU.Build.0 = Release|Any CPU
	EndGlobalSection
	GlobalSection(SolutionProperties) = preSolution
		HideSolutionNode = FALSE
	EndGlobalSection
	GlobalSection(ExtensibilityGlobals) = postSolution
		SolutionGuid = {8E0F37BD-1441-45B1-9CE9-D80DB0353F8C}
	EndGlobalSection
EndGlobal
